
Microsoft Visual Studio Solution File, Format Version 12.00
# Visual Studio 14
VisualStudioVersion = 14.0.24720.0
MinimumVisualStudioVersion = 10.0.40219.1
Project("{FAE04EC0-301F-11D3-BF4B-00C04F79EFBC}") = "68kdasm", "68kdasm.csproj", "{FA64A65E-8B1C-4079-9AB9-08A49C173330}"
EndProject
Global
	GlobalSection(SolutionConfigurationPlatforms) = preSolution
		Debug|Any CPU = Debug|Any CPU
		Release|Any CPU = Release|Any CPU
	EndGlobalSection
	GlobalSection(ProjectConfigurationPlatforms) = postSolution
		{FA64A65E-8B1C-4079-9AB9-08A49C173330}.Debug|Any CPU.ActiveCfg = Release|Any CPU
		{FA64A65E-8B1C-4079-9AB9-08A49C173330}.Debug|Any CPU.Build.0 = Release|Any CPU
		{FA64A65E-8B1C-4079-9AB9-08A49C173330}.Release|Any CPU.ActiveCfg = Release|Any CPU
		{FA64A65E-8B1C-4079-9AB9-08A49C173330}.Release|Any CPU.Build.0 = Release|Any CPU
	EndGlobalSection
	GlobalSection(SolutionProperties) = preSolution
		HideSolutionNode = FALSE
	EndGlobalSection
EndGlobal
