
Microsoft Visual Studio Solution File, Format Version 12.00
# Visual Studio 15
VisualStudioVersion = 15.0.28307.757
MinimumVisualStudioVersion = 10.0.40219.1
Project("{FAE04EC0-301F-11D3-BF4B-00C04F79EFBC}") = "SMPSformatConv", "SMPSformatConv\SMPSformatConv.csproj", "{626BD449-8CF5-4CD7-8885-F3F4C89D3060}"
EndProject
Global
	GlobalSection(SolutionConfigurationPlatforms) = preSolution
		Debug|Any CPU = Debug|Any CPU
		Release|Any CPU = Release|Any CPU
	EndGlobalSection
	GlobalSection(ProjectConfigurationPlatforms) = postSolution
		{626BD449-8CF5-4CD7-8885-F3F4C89D3060}.Debug|Any CPU.ActiveCfg = Debug|Any CPU
		{626BD449-8CF5-4CD7-8885-F3F4C89D3060}.Debug|Any CPU.Build.0 = Debug|Any CPU
		{626BD449-8CF5-4CD7-8885-F3F4C89D3060}.Release|Any CPU.ActiveCfg = Release|Any CPU
		{626BD449-8CF5-4CD7-8885-F3F4C89D3060}.Release|Any CPU.Build.0 = Release|Any CPU
	EndGlobalSection
	GlobalSection(SolutionProperties) = preSolution
		HideSolutionNode = FALSE
	EndGlobalSection
	GlobalSection(ExtensibilityGlobals) = postSolution
		SolutionGuid = {E806E09B-B63E-4F93-A32B-F0B0D3E601D2}
	EndGlobalSection
EndGlobal
