
Microsoft Visual Studio Solution File, Format Version 12.00
# Visual Studio 15
VisualStudioVersion = 15.0.28307.1062
MinimumVisualStudioVersion = 10.0.40219.1
Project("{FAE04EC0-301F-11D3-BF4B-00C04F79EFBC}") = "DisasmProcess", "DisasmProcess\DisasmProcess.csproj", "{26438661-38B3-4D99-A4B1-2C8455F8E61F}"
EndProject
Global
	GlobalSection(SolutionConfigurationPlatforms) = preSolution
		Debug|Any CPU = Debug|Any CPU
		Release|Any CPU = Release|Any CPU
	EndGlobalSection
	GlobalSection(ProjectConfigurationPlatforms) = postSolution
		{26438661-38B3-4D99-A4B1-2C8455F8E61F}.Debug|Any CPU.ActiveCfg = Debug|Any CPU
		{26438661-38B3-4D99-A4B1-2C8455F8E61F}.Debug|Any CPU.Build.0 = Debug|Any CPU
		{26438661-38B3-4D99-A4B1-2C8455F8E61F}.Release|Any CPU.ActiveCfg = Release|Any CPU
		{26438661-38B3-4D99-A4B1-2C8455F8E61F}.Release|Any CPU.Build.0 = Release|Any CPU
	EndGlobalSection
	GlobalSection(SolutionProperties) = preSolution
		HideSolutionNode = FALSE
	EndGlobalSection
	GlobalSection(ExtensibilityGlobals) = postSolution
		SolutionGuid = {88AE568D-127B-4264-B1EA-62A3AC190B85}
	EndGlobalSection
EndGlobal
